
Microsoft Visual Studio Solution File, Format Version 12.00
Project("{FAE04EC0-301F-11D3-BF4B-00C04F79EFBC}") = "library-management", "library-management.csproj", "{7528DF9C-4EFA-4929-8E9D-F776CCE8A02F}"
EndProject
Global
	GlobalSection(SolutionConfigurationPlatforms) = preSolution
		Debug|Any CPU = Debug|Any CPU
		Release|Any CPU = Release|Any CPU
	EndGlobalSection
	GlobalSection(ProjectConfigurationPlatforms) = postSolution
		{7528DF9C-4EFA-4929-8E9D-F776CCE8A02F}.Debug|Any CPU.ActiveCfg = Debug|Any CPU
		{7528DF9C-4EFA-4929-8E9D-F776CCE8A02F}.Debug|Any CPU.Build.0 = Debug|Any CPU
		{7528DF9C-4EFA-4929-8E9D-F776CCE8A02F}.Release|Any CPU.ActiveCfg = Release|Any CPU
		{7528DF9C-4EFA-4929-8E9D-F776CCE8A02F}.Release|Any CPU.Build.0 = Release|Any CPU
	EndGlobalSection
EndGlobal
